
Microsoft Visual Studio Solution File, Format Version 12.00
# Visual Studio Version 16
VisualStudioVersion = 16.0.31410.357
MinimumVisualStudioVersion = 10.0.40219.1
Project("{FAE04EC0-301F-11D3-BF4B-00C04F79EFBC}") = "TeknikServis", "TeknikServis\TeknikServis.csproj", "{2B8AD902-C970-42C4-8C19-65149CE69C36}"
EndProject
Project("{FAE04EC0-301F-11D3-BF4B-00C04F79EFBC}") = "TeknikServ_Web", "TeknikServ_Web\TeknikServ_Web.csproj", "{5908FDD6-D1A8-432D-84A2-0BC883856969}"
EndProject
Global
	GlobalSection(SolutionConfigurationPlatforms) = preSolution
		Debug|Any CPU = Debug|Any CPU
		Release|Any CPU = Release|Any CPU
	EndGlobalSection
	GlobalSection(ProjectConfigurationPlatforms) = postSolution
		{2B8AD902-C970-42C4-8C19-65149CE69C36}.Debug|Any CPU.ActiveCfg = Debug|Any CPU
		{2B8AD902-C970-42C4-8C19-65149CE69C36}.Debug|Any CPU.Build.0 = Debug|Any CPU
		{2B8AD902-C970-42C4-8C19-65149CE69C36}.Release|Any CPU.ActiveCfg = Release|Any CPU
		{2B8AD902-C970-42C4-8C19-65149CE69C36}.Release|Any CPU.Build.0 = Release|Any CPU
		{5908FDD6-D1A8-432D-84A2-0BC883856969}.Debug|Any CPU.ActiveCfg = Debug|Any CPU
		{5908FDD6-D1A8-432D-84A2-0BC883856969}.Debug|Any CPU.Build.0 = Debug|Any CPU
		{5908FDD6-D1A8-432D-84A2-0BC883856969}.Release|Any CPU.ActiveCfg = Release|Any CPU
		{5908FDD6-D1A8-432D-84A2-0BC883856969}.Release|Any CPU.Build.0 = Release|Any CPU
	EndGlobalSection
	GlobalSection(SolutionProperties) = preSolution
		HideSolutionNode = FALSE
	EndGlobalSection
	GlobalSection(ExtensibilityGlobals) = postSolution
		SolutionGuid = {FF8B81FF-A6E8-4F79-9279-E35948776F6B}
	EndGlobalSection
EndGlobal
